# This file was autogenerated by uv via the following command:
#    uv pip compile pyproject.toml -o uv.lock
aiohappyeyeballs==2.6.1
    # via aiohttp
aiohttp==3.13.5
    # via rpcstream (pyproject.toml)
aiosignal==1.4.0
    # via aiohttp
annotated-types==0.7.0
    # via pydantic
attrs==26.1.0
    # via aiohttp
confluent-kafka==2.14.0
    # via rpcstream (pyproject.toml)
frozenlist==1.8.0
    # via
    #   aiohttp
    #   aiosignal
idna==3.11
    # via yarl
multidict==6.7.1
    # via
    #   aiohttp
    #   yarl
orjson==3.11.8
    # via rpcstream (pyproject.toml)
propcache==0.4.1
    # via
    #   aiohttp
    #   yarl
pydantic==2.13.1
    # via
    #   rpcstream (pyproject.toml)
    #   pydantic-settings
pydantic-core==2.46.1
    # via pydantic
pydantic-settings==2.13.1
    # via rpcstream (pyproject.toml)
python-dotenv==1.2.2
    # via pydantic-settings
structlog==25.5.0
    # via rpcstream (pyproject.toml)
tenacity==9.1.4
    # via rpcstream (pyproject.toml)
typing-extensions==4.15.0
    # via
    #   aiosignal
    #   pydantic
    #   pydantic-core
    #   typing-inspection
typing-inspection==0.4.2
    # via
    #   pydantic
    #   pydantic-settings
yarl==1.23.0
    # via aiohttp
